schema: '2.0'
stages:
  download_data:
    cmd: python -m pipeline.download.download_data data/metadata/aug.csv 
      data/metadata/variants.json data/cif data/metadata/clean.csv 
      data/metadata/names.json --threads 16 --format cif
    deps:
    - path: data/metadata/aug.csv
      hash: md5
      md5: 7131b7cea57d5e012c707d12fa5ebd17
      size: 168133
    - path: data/metadata/variants.json
      hash: md5
      md5: 696f4be5d166cf544e64cf590f99b208
      size: 182
    params:
      params.yaml:
        threads: 16
    outs:
    - path: data/cif
      hash: md5
      md5: 0a131573d7314ac7d0d93edf4e85bd1a.dir
      size: 2151326979
      nfiles: 657
    - path: data/metadata/clean.csv
      hash: md5
      md5: 32a75e8659da758558ee657e8c54d705
      size: 89089
    - path: data/metadata/names.json
      hash: md5
      md5: 3a8b2d39e15a0c89a81946985234fe9b
      size: 24934
  filter_binding_partners:
    cmd: python -m pipeline.preprocessing.filter_metadata 
      data/metadata/clean.csv data/metadata/filtered.csv --spike_only
    deps:
    - path: data/metadata/clean.csv
      hash: md5
      md5: b5380044c697a5637c522969ff851775
      size: 85148
    outs:
    - path: data/metadata/filtered.csv
      hash: md5
      md5: 8b83ab6adc37e1130ca698142f4a9c5f
      size: 42021
  extract:
    cmd: "python -m pipeline.preprocessing.extract_aa data/cif data/aa/fa/raw.fa data/aa/fa/chains.json
      --threads 16\nbash pipeline/preprocessing/extract_3di.sh data/cif data/foldseek
      data/3di/fa/raw.fa 16\n"
    deps:
    - path: data/cif
      hash: md5
      md5: 0a131573d7314ac7d0d93edf4e85bd1a.dir
      size: 2151326979
      nfiles: 657
    params:
      params.yaml:
        threads: 16
    outs:
    - path: data/3di/fa/raw.fa
      hash: md5
      md5: 0d800072c86c7421412e69eb0a0885a6
      size: 2734651
    - path: data/aa/fa/chains.json
      hash: md5
      md5: b540cb7e09c4900f1025e95f44aabaf2
      size: 9782
    - path: data/aa/fa/raw.fa
      hash: md5
      md5: ae2e2f8b0d6fcfbd7303e5fb455f1bfa
      size: 830756
  clean:
    cmd: python -m pipeline.preprocessing.clean data/3di/fa/raw.fa 
      data/aa/fa/raw.fa data/aa/fa/chains.json data/metadata/clean.csv 
      data/3di/fa/filtered.fa data/aa/fa/filtered.fa data/metadata/filtered.csv 
      --spike_only --exclude_chimeric --min_3di_len 838
    deps:
    - path: data/3di/fa/raw.fa
      hash: md5
      md5: 0d800072c86c7421412e69eb0a0885a6
      size: 2734651
    - path: data/aa/fa/chains.json
      hash: md5
      md5: b540cb7e09c4900f1025e95f44aabaf2
      size: 9782
    - path: data/aa/fa/raw.fa
      hash: md5
      md5: ae2e2f8b0d6fcfbd7303e5fb455f1bfa
      size: 830756
    - path: data/metadata/clean.csv
      hash: md5
      md5: 32a75e8659da758558ee657e8c54d705
      size: 89089
    params:
      params.yaml:
        clean.min_3di_len: 838
    outs:
    - path: data/3di/fa/filtered.fa
      hash: md5
      md5: cc1144926034b0eeaadd10e553319e0f
      size: 338839
    - path: data/aa/fa/filtered.fa
      hash: md5
      md5: a5fe53addac488d593e0da94d13fa4e0
      size: 405712
    - path: data/metadata/filtered.csv
      hash: md5
      md5: 3a0625333e0eca08ed8cc99b3e8aaae9
      size: 41788
  align:
    cmd: "ginsi --leavegappyregion --thread 16 --maxiterate 1000 data/aa/fa/filtered.fa
      > data/aa/fa/aligned.fa\npixi run famsa3di -t 16 data/3di/fa/filtered.fa data/3di/fa/aligned.fa\n"
    deps:
    - path: data/3di/fa/filtered.fa
      hash: md5
      md5: cc1144926034b0eeaadd10e553319e0f
      size: 338839
    - path: data/aa/fa/filtered.fa
      hash: md5
      md5: a5fe53addac488d593e0da94d13fa4e0
      size: 405712
    params:
      params.yaml:
        mafft.maxiterate: 1000
        threads: 16
    outs:
    - path: data/3di/fa/aligned.fa
      hash: md5
      md5: e94390b5bc14c60933d659406e386e1f
      size: 551412
    - path: data/aa/fa/aligned.fa
      hash: md5
      md5: e54d944682dd9084fc4d342e4a200b15
      size: 574308
  trim:
    cmd: "trimal -in data/aa/fa/aligned.fa -out data/aa/fa/trimmed.fa -gt 0.35 -colnumbering
      > data/aa/fa/trimmed.colnumbering\ntrimal -in data/3di/fa/aligned.fa -out data/3di/fa/trimmed.fa
      -gt 0.35 -colnumbering > data/3di/fa/trimmed.colnumbering\n"
    deps:
    - path: data/3di/fa/aligned.fa
      hash: md5
      md5: e94390b5bc14c60933d659406e386e1f
      size: 551412
    - path: data/aa/fa/aligned.fa
      hash: md5
      md5: e54d944682dd9084fc4d342e4a200b15
      size: 574308
    params:
      params.yaml:
        trimal.gt: 0.35
    outs:
    - path: data/3di/fa/trimmed.colnumbering
      hash: md5
      md5: a98780422514a2fc1fe2008058fe77eb
      size: 5894
    - path: data/3di/fa/trimmed.fa
      hash: md5
      md5: 9bac989d92aaeee17ff8d4b4f1cbe845
      size: 353298
    - path: data/aa/fa/trimmed.colnumbering
      hash: md5
      md5: 70b805f2a6c89b1f7ddccbfb44d7460c
      size: 7032
    - path: data/aa/fa/trimmed.fa
      hash: md5
      md5: e23d353c653ee711427e0672b2755994
      size: 417534
  subset:
    cmd: python -m pipeline.preprocessing.subset data/3di/fa/trimmed.fa 
      data/aa/fa/trimmed.fa data/metadata/filtered.csv data/3di/fa/subset.fa 
      data/aa/fa/subset.fa data/metadata/subset.csv data/metadata/ranked.csv 
      --by Virus,MajorVariant
    deps:
    - path: data/3di/fa/trimmed.fa
      hash: md5
      md5: 9bac989d92aaeee17ff8d4b4f1cbe845
      size: 353298
    - path: data/aa/fa/trimmed.fa
      hash: md5
      md5: e23d353c653ee711427e0672b2755994
      size: 417534
    - path: data/metadata/filtered.csv
      hash: md5
      md5: 3a0625333e0eca08ed8cc99b3e8aaae9
      size: 41788
    params:
      params.yaml:
        subset.by: Virus,MajorVariant
    outs:
    - path: data/3di/fa/subset.fa
      hash: md5
      md5: 1816549633e0f57226bc609dca455ccd
      size: 40441
    - path: data/aa/fa/subset.fa
      hash: md5
      md5: a61a210fd81f4e4e7aff79961c9d3816
      size: 47804
    - path: data/metadata/ranked.csv
      hash: md5
      md5: 078dfa1126ffd2cfae5a143536c4fc84
      size: 54064
    - path: data/metadata/subset.csv
      hash: md5
      md5: ed7da62452d73f04861d1cea094b7fdb
      size: 6518
  cut:
    cmd: "python -m pipeline.modelling.cut data/3di/fa/subset.fa 150\npython -m pipeline.modelling.cut
      data/aa/fa/subset.fa 150\n"
    deps:
    - path: data/3di/fa/subset.fa
      hash: md5
      md5: 1816549633e0f57226bc609dca455ccd
      size: 40441
    - path: data/aa/fa/subset.fa
      hash: md5
      md5: a61a210fd81f4e4e7aff79961c9d3816
      size: 47804
    params:
      params.yaml:
        cut.min_size: 150
    outs:
    - path: data/3di/fa/cut/subset
      hash: md5
      md5: b8653436b2a86622d1c1bb74bab276d9.dir
      size: 41958
      nfiles: 7
    - path: data/aa/fa/cut/subset
      hash: md5
      md5: 41a86566fa6ca4ba2fc6b235c22f98ef.dir
      size: 49432
      nfiles: 8
  iqtree_base:
    cmd: "bash pipeline/modelling/iqtree_base.sh data/3di/fa/subset.fa data/3di/trees/base
      VK23,Q.3DI.AF,Q.3DI.LLM FU,F E,G,R 42 16\nbash pipeline/modelling/iqtree_base.sh
      data/aa/fa/subset.fa data/aa/trees/base Blosum62,Dayhoff,DCMut,JTT,JTTDCMut,LG,Poisson,PMB,WAG,EX2,EX3,EHO,EX_EHO,FLU,FLAVI,Q.pfam
      FU,F E,G,R 42 16\n"
    deps:
    - path: data/3di/fa/subset.fa
      hash: md5
      md5: 1816549633e0f57226bc609dca455ccd
      size: 40441
    - path: data/aa/fa/subset.fa
      hash: md5
      md5: a61a210fd81f4e4e7aff79961c9d3816
      size: 47804
    - path: data/models
      hash: md5
      md5: d00908f406bc4f02944a9a06783a5437.dir
      size: 8179
      nfiles: 4
    params:
      params.yaml:
        iqtree.mfreq: FU,F
        iqtree.mrate: E,G,R
        iqtree.mset_3di: VK23,Q.3DI.AF,Q.3DI.LLM
        iqtree.mset_aa: 
          Blosum62,Dayhoff,DCMut,JTT,JTTDCMut,LG,Poisson,PMB,WAG,EX2,EX3,EHO,EX_EHO,FLU,FLAVI,Q.pfam
        seed: 42
        threads: 16
    outs:
    - path: data/3di/trees/base.iqtree
      hash: md5
      md5: b3d298d03710f62330ba764126a4f14d
      size: 11991
    - path: data/3di/trees/base.treefile
      hash: md5
      md5: 5f3f7146ed8ac8cb2562717514928a03
      size: 1179
    - path: data/3di/trees/best_model.txt
      hash: md5
      md5: dbb699fd020e03d7751b7e77f19d99b0
      size: 14
    - path: data/aa/trees/base.iqtree
      hash: md5
      md5: 4e37b7d1c599802b7ac5cba75a814eb2
      size: 30709
    - path: data/aa/trees/base.treefile
      hash: md5
      md5: 04ffcd060a3d1d8c08f52dc06e8e5664
      size: 1179
    - path: data/aa/trees/best_model.txt
      hash: md5
      md5: 155e45338cce6f1c51aef71aa7943ee4
      size: 9
  iqtree_cut:
    cmd: "bash pipeline/modelling/iqtree_cut.sh data/3di/fa/cut/subset data/3di/trees/cut
      \"$(cat data/3di/trees/best_model.txt)\" 42 16\nbash pipeline/modelling/iqtree_cut.sh
      data/aa/fa/cut/subset data/aa/trees/cut \"$(cat data/aa/trees/best_model.txt)\"\
      \ 42 16\n"
    deps:
    - path: data/3di/fa/cut/subset
      hash: md5
      md5: b8653436b2a86622d1c1bb74bab276d9.dir
      size: 41958
      nfiles: 7
    - path: data/3di/trees/best_model.txt
      hash: md5
      md5: dbb699fd020e03d7751b7e77f19d99b0
      size: 14
    - path: data/aa/fa/cut/subset
      hash: md5
      md5: 41a86566fa6ca4ba2fc6b235c22f98ef.dir
      size: 49432
      nfiles: 8
    - path: data/aa/trees/best_model.txt
      hash: md5
      md5: 155e45338cce6f1c51aef71aa7943ee4
      size: 9
    - path: data/models
      hash: md5
      md5: d00908f406bc4f02944a9a06783a5437.dir
      size: 8179
      nfiles: 4
    params:
      params.yaml:
        seed: 42
        threads: 16
    outs:
    - path: data/3di/trees/cut
      hash: md5
      md5: d2def50ba53078e487f30645e3536707.dir
      size: 361981
      nfiles: 42
    - path: data/3di/trees/cut.trees
      hash: md5
      md5: 26c3ea859f1b4ac24908da7cfed06860
      size: 8253
    - path: data/aa/trees/cut
      hash: md5
      md5: 36c56582b4efcd88609557bd8683f3fc.dir
      size: 434936
      nfiles: 51
    - path: data/aa/trees/cut.trees
      hash: md5
      md5: dd2bb947b049cf9cf53b6f1bd0177c04
      size: 9432
  mast:
    cmd: "bash pipeline/modelling/mast.sh data/3di/fa/subset.fa \"$(cat data/3di/trees/best_model.txt)\"\
      \ data/3di/trees/cut.trees data/3di/trees/mast 42 16 BIC\nbash pipeline/modelling/mast.sh
      data/aa/fa/subset.fa \"$(cat data/aa/trees/best_model.txt)\" data/aa/trees/cut.trees
      data/aa/trees/mast 42 16 BIC\n"
    deps:
    - path: data/3di/fa/subset.fa
      hash: md5
      md5: 1816549633e0f57226bc609dca455ccd
      size: 40441
    - path: data/3di/trees/best_model.txt
      hash: md5
      md5: dbb699fd020e03d7751b7e77f19d99b0
      size: 14
    - path: data/3di/trees/cut.trees
      hash: md5
      md5: 26c3ea859f1b4ac24908da7cfed06860
      size: 8253
    - path: data/aa/fa/subset.fa
      hash: md5
      md5: a61a210fd81f4e4e7aff79961c9d3816
      size: 47804
    - path: data/aa/trees/best_model.txt
      hash: md5
      md5: 155e45338cce6f1c51aef71aa7943ee4
      size: 9
    - path: data/aa/trees/cut.trees
      hash: md5
      md5: dd2bb947b049cf9cf53b6f1bd0177c04
      size: 9432
    - path: data/models
      hash: md5
      md5: d00908f406bc4f02944a9a06783a5437.dir
      size: 8179
      nfiles: 4
    params:
      params.yaml:
        seed: 42
        threads: 16
    outs:
    - path: data/3di/trees/cut.trees.sorted
      hash: md5
      md5: a4e13cdc95c71d13705c3c797e5196b9
      size: 8253
    - path: data/3di/trees/mast
      hash: md5
      md5: facc9dc40306d47b532b1bdf355c2ccc.dir
      size: 595816
      nfiles: 34
    - path: data/3di/trees/mast.csv
      hash: md5
      md5: 6e21a1d4e851a95225660e2d7e7da8c6
      size: 224
    - path: data/3di/trees/mast_start.iqtree
      hash: md5
      md5: d68acb1219efcb2f0dcc0da491eecdc3
      size: 3073
    - path: data/3di/trees/mast_start.sitelh
      hash: md5
      md5: 74225bc0161e7a57e474570b725248a9
      size: 82259
    - path: data/3di/trees/mast_start.treefile
      hash: md5
      md5: 9ad69b1e59bcd704d30555b42581fc27
      size: 8253
    - path: data/aa/trees/cut.trees.sorted
      hash: md5
      md5: 87d13fb82857e91b82df2e8b91eac1cf
      size: 9432
    - path: data/aa/trees/mast
      hash: md5
      md5: 09ea5d969c1650cf372bd772a206ce23.dir
      size: 907035
      nfiles: 40
    - path: data/aa/trees/mast.csv
      hash: md5
      md5: 629b29cd0d5ff78ac56eb53fdf11ede6
      size: 259
    - path: data/aa/trees/mast_start.iqtree
      hash: md5
      md5: 2c6c69c2272a3464bb4210d44834ad4c
      size: 3152
    - path: data/aa/trees/mast_start.sitelh
      hash: md5
      md5: 262d79e36c096554430eeefc05807aac
      size: 108173
    - path: data/aa/trees/mast_start.treefile
      hash: md5
      md5: d1c145dd60687035fabe17e9ee14cc01
      size: 9432
  download_interproscan_data:
    cmd: curl -O 
      http://ftp.ebi.ac.uk/pub/software/unix/iprscan/5/5.77-108.0/alt/interproscan-data-5.77-108.0.tar.gz
      && curl -O 
      http://ftp.ebi.ac.uk/pub/software/unix/iprscan/5/5.77-108.0/alt/interproscan-data-5.77-108.0.tar.gz.md5
      && md5sum -c interproscan-data-5.77-108.0.tar.gz.md5 && tar -pxzf 
      interproscan-data-5.77-108.0.tar.gz -C data && rm 
      interproscan-data-5.77-108.0.tar.gz 
      interproscan-data-5.77-108.0.tar.gz.md5
    params:
      params.yaml:
        interproscan.version: 5.77-108.0
    outs:
    - path: data/interproscan-5.77-108.0/data
      hash: md5
      md5: bd4fc01ba8e8bd894a79c73c323b03e0.dir
      size: 36322085162
      nfiles: 86676
  extract_domains:
    cmd: bash pipeline/preprocessing/extract_domains.sh data/aa/fa/filtered.fa 
      data/domains/interproscan.tsv 5.77-108.0
    deps:
    - path: data/aa/fa/filtered.fa
      hash: md5
      md5: a5fe53addac488d593e0da94d13fa4e0
      size: 405712
    - path: data/interproscan-5.77-108.0/data
      hash: md5
      md5: bd4fc01ba8e8bd894a79c73c323b03e0.dir
      size: 36322085162
      nfiles: 86676
    params:
      params.yaml:
        interproscan.version: 5.77-108.0
    outs:
    - path: data/domains/interproscan.tsv
      hash: md5
      md5: 97cbd6fdd3b98197f975483e7303021c
      size: 2392067
  convert_domain_coords:
    cmd: python -m pipeline.preprocessing.convert_domain_coords 
      data/domains/interproscan.tsv data/aa/fa/filtered.fa 
      data/foldseek/aa_foldseek.fa data/aa/fa/chains.json data/aa/fa/subset.fa 
      data/3di/fa/subset.fa data/domains/domains.tsv
    deps:
    - path: data/3di/fa/subset.fa
      hash: md5
      md5: 1816549633e0f57226bc609dca455ccd
      size: 40441
    - path: data/aa/fa/chains.json
      hash: md5
      md5: b540cb7e09c4900f1025e95f44aabaf2
      size: 9782
    - path: data/aa/fa/filtered.fa
      hash: md5
      md5: a5fe53addac488d593e0da94d13fa4e0
      size: 405712
    - path: data/aa/fa/subset.fa
      hash: md5
      md5: a61a210fd81f4e4e7aff79961c9d3816
      size: 47804
    - path: data/domains/interproscan.tsv
      hash: md5
      md5: 97cbd6fdd3b98197f975483e7303021c
      size: 2392067
    - path: data/foldseek/aa_foldseek.fa
      hash: md5
      md5: 4e2a885e20229c38caf7a5f32314496e
      size: 2734651
    outs:
    - path: data/domains/domains.tsv
      hash: md5
      md5: 1a7b949aff428c9b16ae36b4882b5ee3
      size: 89297
  download_models:
    cmd: bash pipeline/download/download_models.sh
    outs:
    - path: data/models
      hash: md5
      md5: d00908f406bc4f02944a9a06783a5437.dir
      size: 8179
      nfiles: 4
